
Microsoft Visual Studio Solution File, Format Version 12.00
# Visual Studio Version 16
VisualStudioVersion = 16.0.31624.102
MinimumVisualStudioVersion = 10.0.40219.1
Project("{FAE04EC0-301F-11D3-BF4B-00C04F79EFBC}") = "OPP_W04_01", "OPP_W04_01\OPP_W04_01.csproj", "{32944372-8160-4525-AFDB-367961856CD9}"
EndProject
Global
	GlobalSection(SolutionConfigurationPlatforms) = preSolution
		Debug|Any CPU = Debug|Any CPU
		Release|Any CPU = Release|Any CPU
	EndGlobalSection
	GlobalSection(ProjectConfigurationPlatforms) = postSolution
		{32944372-8160-4525-AFDB-367961856CD9}.Debug|Any CPU.ActiveCfg = Debug|Any CPU
		{32944372-8160-4525-AFDB-367961856CD9}.Debug|Any CPU.Build.0 = Debug|Any CPU
		{32944372-8160-4525-AFDB-367961856CD9}.Release|Any CPU.ActiveCfg = Release|Any CPU
		{32944372-8160-4525-AFDB-367961856CD9}.Release|Any CPU.Build.0 = Release|Any CPU
	EndGlobalSection
	GlobalSection(SolutionProperties) = preSolution
		HideSolutionNode = FALSE
	EndGlobalSection
	GlobalSection(ExtensibilityGlobals) = postSolution
		SolutionGuid = {E961D3DD-3B6A-46AB-8689-079B49A3B91E}
	EndGlobalSection
EndGlobal
