
Microsoft Visual Studio Solution File, Format Version 12.00
# Visual Studio Version 16
VisualStudioVersion = 16.0.31624.102
MinimumVisualStudioVersion = 10.0.40219.1
Project("{FAE04EC0-301F-11D3-BF4B-00C04F79EFBC}") = "MyClassLibString", "MyClassLibString\MyClassLibString.csproj", "{1282CDC8-3134-4289-ADFF-6169972D1CDD}"
EndProject
Global
	GlobalSection(SolutionConfigurationPlatforms) = preSolution
		Debug|Any CPU = Debug|Any CPU
		Release|Any CPU = Release|Any CPU
	EndGlobalSection
	GlobalSection(ProjectConfigurationPlatforms) = postSolution
		{1282CDC8-3134-4289-ADFF-6169972D1CDD}.Debug|Any CPU.ActiveCfg = Debug|Any CPU
		{1282CDC8-3134-4289-ADFF-6169972D1CDD}.Debug|Any CPU.Build.0 = Debug|Any CPU
		{1282CDC8-3134-4289-ADFF-6169972D1CDD}.Release|Any CPU.ActiveCfg = Release|Any CPU
		{1282CDC8-3134-4289-ADFF-6169972D1CDD}.Release|Any CPU.Build.0 = Release|Any CPU
	EndGlobalSection
	GlobalSection(SolutionProperties) = preSolution
		HideSolutionNode = FALSE
	EndGlobalSection
	GlobalSection(ExtensibilityGlobals) = postSolution
		SolutionGuid = {C1EE8C27-A1F6-40B5-9239-1B1812B2292F}
	EndGlobalSection
EndGlobal
